
Microsoft Visual Studio Solution File, Format Version 12.00
# Visual Studio Version 17
VisualStudioVersion = 17.2.32519.379
MinimumVisualStudioVersion = 10.0.40219.1
Project("{FAE04EC0-301F-11D3-BF4B-00C04F79EFBC}") = "Framework", "Framework\Framework.csproj", "{9C93CCDD-7CCF-4554-B7F6-0E5C8964F1F8}"
EndProject
Project("{FAE04EC0-301F-11D3-BF4B-00C04F79EFBC}") = "Tests", "Tests\Tests.csproj", "{85B1FA27-BB80-473B-9AB8-D5B517BE752C}"
EndProject
Global
	GlobalSection(SolutionConfigurationPlatforms) = preSolution
		Debug|Any CPU = Debug|Any CPU
		Release|Any CPU = Release|Any CPU
	EndGlobalSection
	GlobalSection(ProjectConfigurationPlatforms) = postSolution
		{9C93CCDD-7CCF-4554-B7F6-0E5C8964F1F8}.Debug|Any CPU.ActiveCfg = Debug|Any CPU
		{9C93CCDD-7CCF-4554-B7F6-0E5C8964F1F8}.Debug|Any CPU.Build.0 = Debug|Any CPU
		{9C93CCDD-7CCF-4554-B7F6-0E5C8964F1F8}.Release|Any CPU.ActiveCfg = Release|Any CPU
		{9C93CCDD-7CCF-4554-B7F6-0E5C8964F1F8}.Release|Any CPU.Build.0 = Release|Any CPU
		{85B1FA27-BB80-473B-9AB8-D5B517BE752C}.Debug|Any CPU.ActiveCfg = Debug|Any CPU
		{85B1FA27-BB80-473B-9AB8-D5B517BE752C}.Debug|Any CPU.Build.0 = Debug|Any CPU
		{85B1FA27-BB80-473B-9AB8-D5B517BE752C}.Release|Any CPU.ActiveCfg = Release|Any CPU
		{85B1FA27-BB80-473B-9AB8-D5B517BE752C}.Release|Any CPU.Build.0 = Release|Any CPU
	EndGlobalSection
	GlobalSection(SolutionProperties) = preSolution
		HideSolutionNode = FALSE
	EndGlobalSection
	GlobalSection(ExtensibilityGlobals) = postSolution
		SolutionGuid = {7C7C9848-3DA5-4613-A4AA-5DF0C68BB2D4}
	EndGlobalSection
EndGlobal
